
Microsoft Visual Studio Solution File, Format Version 12.00
# Visual Studio Version 17
VisualStudioVersion = 17.4.33205.214
MinimumVisualStudioVersion = 10.0.40219.1
Project("{888888A0-9F3D-457C-B088-3A5042F75D52}") = "sõnast", "sõnast.pyproj", "{A881951E-6745-4E16-B888-DC85316FD7B9}"
EndProject
Global
	GlobalSection(SolutionConfigurationPlatforms) = preSolution
		Debug|Any CPU = Debug|Any CPU
		Release|Any CPU = Release|Any CPU
	EndGlobalSection
	GlobalSection(ProjectConfigurationPlatforms) = postSolution
		{A881951E-6745-4E16-B888-DC85316FD7B9}.Debug|Any CPU.ActiveCfg = Debug|Any CPU
		{A881951E-6745-4E16-B888-DC85316FD7B9}.Release|Any CPU.ActiveCfg = Release|Any CPU
	EndGlobalSection
	GlobalSection(SolutionProperties) = preSolution
		HideSolutionNode = FALSE
	EndGlobalSection
	GlobalSection(ExtensibilityGlobals) = postSolution
		SolutionGuid = {FD006061-CAB9-4CA0-8BD6-A2BCE30CC03E}
	EndGlobalSection
EndGlobal
